
Microsoft Visual Studio Solution File, Format Version 12.00
# Visual Studio Version 16
VisualStudioVersion = 16.0.30011.22
MinimumVisualStudioVersion = 10.0.40219.1
Project("{FAE04EC0-301F-11D3-BF4B-00C04F79EFBC}") = "VoiceHelper", "VoiceHelper\VoiceHelper.csproj", "{23CA320F-6506-4215-9430-8883E5EB8A3D}"
EndProject
Global
	GlobalSection(SolutionConfigurationPlatforms) = preSolution
		Debug|Any CPU = Debug|Any CPU
		Release|Any CPU = Release|Any CPU
	EndGlobalSection
	GlobalSection(ProjectConfigurationPlatforms) = postSolution
		{23CA320F-6506-4215-9430-8883E5EB8A3D}.Debug|Any CPU.ActiveCfg = Debug|Any CPU
		{23CA320F-6506-4215-9430-8883E5EB8A3D}.Debug|Any CPU.Build.0 = Debug|Any CPU
		{23CA320F-6506-4215-9430-8883E5EB8A3D}.Release|Any CPU.ActiveCfg = Release|Any CPU
		{23CA320F-6506-4215-9430-8883E5EB8A3D}.Release|Any CPU.Build.0 = Release|Any CPU
	EndGlobalSection
	GlobalSection(SolutionProperties) = preSolution
		HideSolutionNode = FALSE
	EndGlobalSection
	GlobalSection(ExtensibilityGlobals) = postSolution
		SolutionGuid = {61E24B84-461B-494F-BADE-02DDAF67D32E}
	EndGlobalSection
EndGlobal
